
Microsoft Visual Studio Solution File, Format Version 12.00
# Visual Studio Version 16
VisualStudioVersion = 16.0.29009.5
MinimumVisualStudioVersion = 10.0.40219.1
Project("{8BC9CEB8-8B4A-11D0-8D11-00A0C91BC942}") = "Dungeon Crawler", "Dungeon Crawler\Dungeon Crawler.vcxproj", "{C35C6ED3-94CA-4112-A634-E9D38C37BFC3}"
EndProject
Global
	GlobalSection(SolutionConfigurationPlatforms) = preSolution
		Debug|x64 = Debug|x64
		Debug|x86 = Debug|x86
		Release|x64 = Release|x64
		Release|x86 = Release|x86
	EndGlobalSection
	GlobalSection(ProjectConfigurationPlatforms) = postSolution
		{C35C6ED3-94CA-4112-A634-E9D38C37BFC3}.Debug|x64.ActiveCfg = Debug|x64
		{C35C6ED3-94CA-4112-A634-E9D38C37BFC3}.Debug|x64.Build.0 = Debug|x64
		{C35C6ED3-94CA-4112-A634-E9D38C37BFC3}.Debug|x86.ActiveCfg = Debug|Win32
		{C35C6ED3-94CA-4112-A634-E9D38C37BFC3}.Debug|x86.Build.0 = Debug|Win32
		{C35C6ED3-94CA-4112-A634-E9D38C37BFC3}.Release|x64.ActiveCfg = Release|x64
		{C35C6ED3-94CA-4112-A634-E9D38C37BFC3}.Release|x64.Build.0 = Release|x64
		{C35C6ED3-94CA-4112-A634-E9D38C37BFC3}.Release|x86.ActiveCfg = Release|Win32
		{C35C6ED3-94CA-4112-A634-E9D38C37BFC3}.Release|x86.Build.0 = Release|Win32
	EndGlobalSection
	GlobalSection(SolutionProperties) = preSolution
		HideSolutionNode = FALSE
	EndGlobalSection
	GlobalSection(ExtensibilityGlobals) = postSolution
		SolutionGuid = {B59E2CF5-4BEE-4B68-9CB2-ADE17BBF9E6B}
	EndGlobalSection
EndGlobal
